# This file is automatically @generated by Cargo.
# It is not intended for manual editing.
version = 4

[[package]]
name = "coxswain-contract"
version = "0.1.0"

[[package]]
name = "coxswain-drivers"
version = "0.1.0"

[[package]]
name = "coxswain-estimator"
version = "0.1.0"

[[package]]
name = "coxswain-guidance"
version = "0.1.0"

[[package]]
name = "coxswain-hosted"
version = "0.1.0"

[[package]]
name = "coxswain-keelson"
version = "0.1.0"

[[package]]
name = "coxswain-manifest"
version = "0.1.0"

[[package]]
name = "coxswain-model"
version = "0.1.0"

[[package]]
name = "coxswain-sim"
version = "0.1.0"

[[package]]
name = "coxswain-supervisor"
version = "0.1.0"
